// !$*UTF8*$!
{
	archiveVersion = 1;
	classes = {
	};
	objectVersion = 50;
	objects = {

/* Begin PBXBuildFile section */
		B98C0161237CEA9A0025A6B0 /* AppDelegate.swift in Sources */ = {isa = PBXBuildFile; fileRef = B98C0160237CEA9A0025A6B0 /* AppDelegate.swift */; };
		B98C0163237CEA9A0025A6B0 /* SceneDelegate.swift in Sources */ = {isa = PBXBuildFile; fileRef = B98C0162237CEA9A0025A6B0 /* SceneDelegate.swift */; };
		B98C0168237CEA9A0025A6B0 /* Main.storyboard in Resources */ = {isa = PBXBuildFile; fileRef = B98C0166237CEA9A0025A6B0 /* Main.storyboard */; };
		B98C016A237CEA9C0025A6B0 /* Assets.xcassets in Resources */ = {isa = PBXBuildFile; fileRef = B98C0169237CEA9C0025A6B0 /* Assets.xcassets */; };
		B98C016D237CEA9C0025A6B0 /* LaunchScreen.storyboard in Resources */ = {isa = PBXBuildFile; fileRef = B98C016B237CEA9C0025A6B0 /* LaunchScreen.storyboard */; };
		B98C0175237CEBC90025A6B0 /* Emoji.swift in Sources */ = {isa = PBXBuildFile; fileRef = B98C0174237CEBC90025A6B0 /* Emoji.swift */; };
		B98C0177237CEE650025A6B0 /* EmojiTableViewController.swift in Sources */ = {isa = PBXBuildFile; fileRef = B98C0176237CEE650025A6B0 /* EmojiTableViewController.swift */; };
/* End PBXBuildFile section */

/* Begin PBXFileReference section */
		B98C015D237CEA9A0025A6B0 /* EmojiDictionary2.app */ = {isa = PBXFileReference; explicitFileType = wrapper.application; includeInIndex = 0; path = EmojiDictionary2.app; sourceTree = BUILT_PRODUCTS_DIR; };
		B98C0160237CEA9A0025A6B0 /* AppDelegate.swift */ = {isa = PBXFileReference; lastKnownFileType = sourcecode.swift; path = AppDelegate.swift; sourceTree = "<group>"; };
		B98C0162237CEA9A0025A6B0 /* SceneDelegate.swift */ = {isa = PBXFileReference; lastKnownFileType = sourcecode.swift; path = SceneDelegate.swift; sourceTree = "<group>"; };
		B98C0167237CEA9A0025A6B0 /* Base */ = {isa = PBXFileReference; lastKnownFileType = file.storyboard; name = Base; path = Base.lproj/Main.storyboard; sourceTree = "<group>"; };
		B98C0169237CEA9C0025A6B0 /* Assets.xcassets */ = {isa = PBXFileReference; lastKnownFileType = folder.assetcatalog; path = Assets.xcassets; sourceTree = "<group>"; };
		B98C016C237CEA9C0025A6B0 /* Base */ = {isa = PBXFileReference; lastKnownFileType = file.storyboard; name = Base; path = Base.lproj/LaunchScreen.storyboard; sourceTree = "<group>"; };
		B98C016E237CEA9C0025A6B0 /* Info.plist */ = {isa = PBXFileReference; lastKnownFileType = text.plist.xml; path = Info.plist; sourceTree = "<group>"; };
		B98C0174237CEBC90025A6B0 /* Emoji.swift */ = {isa = PBXFileReference; lastKnownFileType = sourcecode.swift; path = Emoji.swift; sourceTree = "<group>"; };
		B98C0176237CEE650025A6B0 /* EmojiTableViewController.swift */ = {isa = PBXFileReference; lastKnownFileType = sourcecode.swift; path = EmojiTableViewController.swift; sourceTree = "<group>"; };
/* End PBXFileReference section */

/* Begin PBXFrameworksBuildPhase section */
		B98C015A237CEA9A0025A6B0 /* Frameworks */ = {
			isa = PBXFrameworksBuildPhase;
			buildActionMask = 2147483647;
			files = (
			);
			runOnlyForDeploymentPostprocessing = 0;
		};
/* End PBXFrameworksBuildPhase section */

/* Begin PBXGroup section */
		B98C0154237CEA9A0025A6B0 = {
			isa = PBXGroup;
			children = (
				B98C015F237CEA9A0025A6B0 /* EmojiDictionary2 */,
				B98C015E237CEA9A0025A6B0 /* Products */,
			);
			sourceTree = "<group>";
		};
		B98C015E237CEA9A0025A6B0 /* Products */ = {
			isa = PBXGroup;
			children = (
				B98C015D237CEA9A0025A6B0 /* EmojiDictionary2.app */,
			);
			name = Products;
			sourceTree = "<group>";
		};
		B98C015F237CEA9A0025A6B0 /* EmojiDictionary2 */ = {
			isa = PBXGroup;
			children = (
				B98C0160237CEA9A0025A6B0 /* AppDelegate.swift */,
				B98C0162237CEA9A0025A6B0 /* SceneDelegate.swift */,
				B98C0166237CEA9A0025A6B0 /* Main.storyboard */,
				B98C0169237CEA9C0025A6B0 /* Assets.xcassets */,
				B98C016B237CEA9C0025A6B0 /* LaunchScreen.storyboard */,
				B98C016E237CEA9C0025A6B0 /* Info.plist */,
				B98C0174237CEBC90025A6B0 /* Emoji.swift */,
				B98C0176237CEE650025A6B0 /* EmojiTableViewController.swift */,
			);
			path = EmojiDictionary2;
			sourceTree = "<group>";
		};
/* End PBXGroup section */

/* Begin PBXNativeTarget section */
		B98C015C237CEA9A0025A6B0 /* EmojiDictionary2 */ = {
			isa = PBXNativeTarget;
			buildConfigurationList = B98C0171237CEA9C0025A6B0 /* Build configuration list for PBXNativeTarget "EmojiDictionary2" */;
			buildPhases = (
				B98C0159237CEA9A0025A6B0 /* Sources */,
				B98C015A237CEA9A0025A6B0 /* Frameworks */,
				B98C015B237CEA9A0025A6B0 /* Resources */,
			);
			buildRules = (
			);
			dependencies = (
			);
			name = EmojiDictionary2;
			productName = EmojiDictionary2;
			productReference = B98C015D237CEA9A0025A6B0 /* EmojiDictionary2.app */;
			productType = "com.apple.product-type.application";
		};
/* End PBXNativeTarget section */

/* Begin PBXProject section */
		B98C0155237CEA9A0025A6B0 /* Project object */ = {
			isa = PBXProject;
			attributes = {
				LastSwiftUpdateCheck = 1120;
				LastUpgradeCheck = 1120;
				ORGANIZATIONNAME = "Dovgalyk, Dima";
				TargetAttributes = {
					B98C015C237CEA9A0025A6B0 = {
						CreatedOnToolsVersion = 11.2.1;
					};
				};
			};
			buildConfigurationList = B98C0158237CEA9A0025A6B0 /* Build configuration list for PBXProject "EmojiDictionary2" */;
			compatibilityVersion = "Xcode 9.3";
			developmentRegion = en;
			hasScannedForEncodings = 0;
			knownRegions = (
				en,
				Base,
			);
			mainGroup = B98C0154237CEA9A0025A6B0;
			productRefGroup = B98C015E237CEA9A0025A6B0 /* Products */;
			projectDirPath = "";
			projectRoot = "";
			targets = (
				B98C015C237CEA9A0025A6B0 /* EmojiDictionary2 */,
			);
		};
/* End PBXProject section */

/* Begin PBXResourcesBuildPhase section */
		B98C015B237CEA9A0025A6B0 /* Resources */ = {
			isa = PBXResourcesBuildPhase;
			buildActionMask = 2147483647;
			files = (
				B98C016D237CEA9C0025A6B0 /* LaunchScreen.storyboard in Resources */,
				B98C016A237CEA9C0025A6B0 /* Assets.xcassets in Resources */,
				B98C0168237CEA9A0025A6B0 /* Main.storyboard in Resources */,
			);
			runOnlyForDeploymentPostprocessing = 0;
		};
/* End PBXResourcesBuildPhase section */

/* Begin PBXSourcesBuildPhase section */
		B98C0159237CEA9A0025A6B0 /* Sources */ = {
			isa = PBXSourcesBuildPhase;
			buildActionMask = 2147483647;
			files = (
				B98C0177237CEE650025A6B0 /* EmojiTableViewController.swift in Sources */,
				B98C0175237CEBC90025A6B0 /* Emoji.swift in Sources */,
				B98C0161237CEA9A0025A6B0 /* AppDelegate.swift in Sources */,
				B98C0163237CEA9A0025A6B0 /* SceneDelegate.swift in Sources */,
			);
			runOnlyForDeploymentPostprocessing = 0;
		};
/* End PBXSourcesBuildPhase section */

/* Begin PBXVariantGroup section */
		B98C0166237CEA9A0025A6B0 /* Main.storyboard */ = {
			isa = PBXVariantGroup;
			children = (
				B98C0167237CEA9A0025A6B0 /* Base */,
			);
			name = Main.storyboard;
			sourceTree = "<group>";
		};
		B98C016B237CEA9C0025A6B0 /* LaunchScreen.storyboard */ = {
			isa = PBXVariantGroup;
			children = (
				B98C016C237CEA9C0025A6B0 /* Base */,
			);
			name = LaunchScreen.storyboard;
			sourceTree = "<group>";
		};
/* End PBXVariantGroup section */

/* Begin XCBuildConfiguration section */
		B98C016F237CEA9C0025A6B0 /* Debug */ = {
			isa = XCBuildConfiguration;
			buildSettings = {
				ALWAYS_SEARCH_USER_PATHS = NO;
				CLANG_ANALYZER_NONNULL = YES;
				CLANG_ANALYZER_NUMBER_OBJECT_CONVERSION = YES_AGGRESSIVE;
				CLANG_CXX_LANGUAGE_STANDARD = "gnu++14";
				CLANG_CXX_LIBRARY = "libc++";
				CLANG_ENABLE_MODULES = YES;
				CLANG_ENABLE_OBJC_ARC = YES;
				CLANG_ENABLE_OBJC_WEAK = YES;
				CLANG_WARN_BLOCK_CAPTURE_AUTORELEASING = YES;
				CLANG_WARN_BOOL_CONVERSION = YES;
				CLANG_WARN_COMMA = YES;
				CLANG_WARN_CONSTANT_CONVERSION = YES;
				CLANG_WARN_DEPRECATED_OBJC_IMPLEMENTATIONS = YES;
				CLANG_WARN_DIRECT_OBJC_ISA_USAGE = YES_ERROR;
				CLANG_WARN_DOCUMENTATION_COMMENTS = YES;
				CLANG_WARN_EMPTY_BODY = YES;
				CLANG_WARN_ENUM_CONVERSION = YES;
				CLANG_WARN_INFINITE_RECURSION = YES;
				CLANG_WARN_INT_CONVERSION = YES;
				CLANG_WARN_NON_LITERAL_NULL_CONVERSION = YES;
				CLANG_WARN_OBJC_IMPLICIT_RETAIN_SELF = YES;
				CLANG_WARN_OBJC_LITERAL_CONVERSION = YES;
				CLANG_WARN_OBJC_ROOT_CLASS = YES_ERROR;
				CLANG_WARN_RANGE_LOOP_ANALYSIS = YES;
				CLANG_WARN_STRICT_PROTOTYPES = YES;
				CLANG_WARN_SUSPICIOUS_MOVE = YES;
				CLANG_WARN_UNGUARDED_AVAILABILITY = YES_AGGRESSIVE;
				CLANG_WARN_UNREACHABLE_CODE = YES;
				CLANG_WARN__DUPLICATE_METHOD_MATCH = YES;
				COPY_PHASE_STRIP = NO;
				DEBUG_INFORMATION_FORMAT = dwarf;
				ENABLE_STRICT_OBJC_MSGSEND = YES;
				ENABLE_TESTABILITY = YES;
				GCC_C_LANGUAGE_STANDARD = gnu11;
				GCC_DYNAMIC_NO_PIC = NO;
				GCC_NO_COMMON_BLOCKS = YES;
				GCC_OPTIMIZATION_LEVEL = 0;
				GCC_PREPROCESSOR_DEFINITIONS = (
					"DEBUG=1",
					"$(inherited)",
				);
				GCC_WARN_64_TO_32_BIT_CONVERSION = YES;
				GCC_WARN_ABOUT_RETURN_TYPE = YES_ERROR;
				GCC_WARN_UNDECLARED_SELECTOR = YES;
				GCC_WARN_UNINITIALIZED_AUTOS = YES_AGGRESSIVE;
				GCC_WARN_UNUSED_FUNCTION = YES;
				GCC_WARN_UNUSED_VARIABLE = YES;
				IPHONEOS_DEPLOYMENT_TARGET = 13.2;
				MTL_ENABLE_DEBUG_INFO = INCLUDE_SOURCE;
				MTL_FAST_MATH = YES;
				ONLY_ACTIVE_ARCH = YES;
				SDKROOT = iphoneos;
				SWIFT_ACTIVE_COMPILATION_CONDITIONS = DEBUG;
				SWIFT_OPTIMIZATION_LEVEL = "-Onone";
			};
			name = Debug;
		};
		B98C0170237CEA9C0025A6B0 /* Release */ = {
			isa = XCBuildConfiguration;
			buildSettings = {
				ALWAYS_SEARCH_USER_PATHS = NO;
				CLANG_ANALYZER_NONNULL = YES;
				CLANG_ANALYZER_NUMBER_OBJECT_CONVERSION = YES_AGGRESSIVE;
				CLANG_CXX_LANGUAGE_STANDARD = "gnu++14";
				CLANG_CXX_LIBRARY = "libc++";
				CLANG_ENABLE_MODULES = YES;
				CLANG_ENABLE_OBJC_ARC = YES;
				CLANG_ENABLE_OBJC_WEAK = YES;
				CLANG_WARN_BLOCK_CAPTURE_AUTORELEASING = YES;
				CLANG_WARN_BOOL_CONVERSION = YES;
				CLANG_WARN_COMMA = YES;
				CLANG_WARN_CONSTANT_CONVERSION = YES;
				CLANG_WARN_DEPRECATED_OBJC_IMPLEMENTATIONS = YES;
				CLANG_WARN_DIRECT_OBJC_ISA_USAGE = YES_ERROR;
				CLANG_WARN_DOCUMENTATION_COMMENTS = YES;
				CLANG_WARN_EMPTY_BODY = YES;
				CLANG_WARN_ENUM_CONVERSION = YES;
				CLANG_WARN_INFINITE_RECURSION = YES;
				CLANG_WARN_INT_CONVERSION = YES;
				CLANG_WARN_NON_LITERAL_NULL_CONVERSION = YES;
				CLANG_WARN_OBJC_IMPLICIT_RETAIN_SELF = YES;
				CLANG_WARN_OBJC_LITERAL_CONVERSION = YES;
				CLANG_WARN_OBJC_ROOT_CLASS = YES_ERROR;
				CLANG_WARN_RANGE_LOOP_ANALYSIS = YES;
				CLANG_WARN_STRICT_PROTOTYPES = YES;
				CLANG_WARN_SUSPICIOUS_MOVE = YES;
				CLANG_WARN_UNGUARDED_AVAILABILITY = YES_AGGRESSIVE;
				CLANG_WARN_UNREACHABLE_CODE = YES;
				CLANG_WARN__DUPLICATE_METHOD_MATCH = YES;
				COPY_PHASE_STRIP = NO;
				DEBUG_INFORMATION_FORMAT = "dwarf-with-dsym";
				ENABLE_NS_ASSERTIONS = NO;
				ENABLE_STRICT_OBJC_MSGSEND = YES;
				GCC_C_LANGUAGE_STANDARD = gnu11;
				GCC_NO_COMMON_BLOCKS = YES;
				GCC_WARN_64_TO_32_BIT_CONVERSION = YES;
				GCC_WARN_ABOUT_RETURN_TYPE = YES_ERROR;
				GCC_WARN_UNDECLARED_SELECTOR = YES;
				GCC_WARN_UNINITIALIZED_AUTOS = YES_AGGRESSIVE;
				GCC_WARN_UNUSED_FUNCTION = YES;
				GCC_WARN_UNUSED_VARIABLE = YES;
				IPHONEOS_DEPLOYMENT_TARGET = 13.2;
				MTL_ENABLE_DEBUG_INFO = NO;
				MTL_FAST_MATH = YES;
				SDKROOT = iphoneos;
				SWIFT_COMPILATION_MODE = wholemodule;
				SWIFT_OPTIMIZATION_LEVEL = "-O";
				VALIDATE_PRODUCT = YES;
			};
			name = Release;
		};
		B98C0172237CEA9C0025A6B0 /* Debug */ = {
			isa = XCBuildConfiguration;
			buildSettings = {
				ASSETCATALOG_COMPILER_APPICON_NAME = AppIcon;
				CODE_SIGN_STYLE = Automatic;
				DEVELOPMENT_TEAM = FXNCRJB37B;
				INFOPLIST_FILE = EmojiDictionary2/Info.plist;
				LD_RUNPATH_SEARCH_PATHS = (
					"$(inherited)",
					"@executable_path/Frameworks",
				);
				PRODUCT_BUNDLE_IDENTIFIER = ca.dovgalyk.dima.EmojiDictionary2;
				PRODUCT_NAME = "$(TARGET_NAME)";
				SWIFT_VERSION = 5.0;
				TARGETED_DEVICE_FAMILY = "1,2";
			};
			name = Debug;
		};
		B98C0173237CEA9C0025A6B0 /* Release */ = {
			isa = XCBuildConfiguration;
			buildSettings = {
				ASSETCATALOG_COMPILER_APPICON_NAME = AppIcon;
				CODE_SIGN_STYLE = Automatic;
				DEVELOPMENT_TEAM = FXNCRJB37B;
				INFOPLIST_FILE = EmojiDictionary2/Info.plist;
				LD_RUNPATH_SEARCH_PATHS = (
					"$(inherited)",
					"@executable_path/Frameworks",
				);
				PRODUCT_BUNDLE_IDENTIFIER = ca.dovgalyk.dima.EmojiDictionary2;
				PRODUCT_NAME = "$(TARGET_NAME)";
				SWIFT_VERSION = 5.0;
				TARGETED_DEVICE_FAMILY = "1,2";
			};
			name = Release;
		};
/* End XCBuildConfiguration section */

/* Begin XCConfigurationList section */
		B98C0158237CEA9A0025A6B0 /* Build configuration list for PBXProject "EmojiDictionary2" */ = {
			isa = XCConfigurationList;
			buildConfigurations = (
				B98C016F237CEA9C0025A6B0 /* Debug */,
				B98C0170237CEA9C0025A6B0 /* Release */,
			);
			defaultConfigurationIsVisible = 0;
			defaultConfigurationName = Release;
		};
		B98C0171237CEA9C0025A6B0 /* Build configuration list for PBXNativeTarget "EmojiDictionary2" */ = {
			isa = XCConfigurationList;
			buildConfigurations = (
				B98C0172237CEA9C0025A6B0 /* Debug */,
				B98C0173237CEA9C0025A6B0 /* Release */,
			);
			defaultConfigurationIsVisible = 0;
			defaultConfigurationName = Release;
		};
/* End XCConfigurationList section */
	};
	rootObject = B98C0155237CEA9A0025A6B0 /* Project object */;
}
